
Microsoft Visual Studio Solution File, Format Version 12.00
# Visual Studio 15
VisualStudioVersion = 15.0.26430.15
MinimumVisualStudioVersion = 10.0.40219.1
Project("{FAE04EC0-301F-11D3-BF4B-00C04F79EFBC}") = "NRTyler.KSPManager.Models", "NRTyler.KSPManager.Models\NRTyler.KSPManager.Models.csproj", "{2FF4D7E5-52C4-4FAD-8FDB-0B14A673F251}"
EndProject
Project("{FAE04EC0-301F-11D3-BF4B-00C04F79EFBC}") = "NRTyler.KSPManager.Services", "NRTyler.KSPManager.Services\NRTyler.KSPManager.Services.csproj", "{03DA5E5D-C80F-4E1B-B0AC-AB5F1E1A704F}"
EndProject
Project("{FAE04EC0-301F-11D3-BF4B-00C04F79EFBC}") = "NRTyler.KSPManager.WPF", "NRTyler.KSPManager.WPF\NRTyler.KSPManager.WPF.csproj", "{B4585F17-6471-4AFB-A572-D29306CD246F}"
EndProject
Project("{2150E333-8FDC-42A3-9474-1A3956D46DE8}") = "NRTyler.KSPManager.UnitTests", "NRTyler.KSPManager.UnitTests", "{C994631A-AE73-4B47-BD59-1F0609DC173E}"
EndProject
Project("{FAE04EC0-301F-11D3-BF4B-00C04F79EFBC}") = "NRTyler.KSPManager.ModelTests", "NRTyler.KSPManager.ModelTests\NRTyler.KSPManager.ModelTests.csproj", "{4247E611-DD4A-499B-89BC-F3988B60C61F}"
EndProject
Project("{FAE04EC0-301F-11D3-BF4B-00C04F79EFBC}") = "NRTyler.KSPManager.ServiceTests", "NRTyler.KSPManager.ServiceTests\NRTyler.KSPManager.ServiceTests.csproj", "{F4DA7EB0-5F42-4B2C-A51C-B4DDB2E66F30}"
EndProject
Project("{FAE04EC0-301F-11D3-BF4B-00C04F79EFBC}") = "NRTyler.KSPManager.WPFTests", "NRTyler.KSPManager.WPFTests\NRTyler.KSPManager.WPFTests.csproj", "{A87FEF93-8ABF-4AA6-9232-38FCF2F3FF19}"
EndProject
Project("{2150E333-8FDC-42A3-9474-1A3956D46DE8}") = "TestAids", "TestAids", "{D6355511-0B7C-4E7E-95B5-D597182986E8}"
EndProject
Project("{FAE04EC0-301F-11D3-BF4B-00C04F79EFBC}") = "NRTyler.KSPManager.ConsoleAid", "NRTyler.KSPManager.ConsoleAid\NRTyler.KSPManager.ConsoleAid.csproj", "{E30033D0-3529-43D1-8B37-BE2139540576}"
EndProject
Global
	GlobalSection(SolutionConfigurationPlatforms) = preSolution
		Debug|Any CPU = Debug|Any CPU
		Release|Any CPU = Release|Any CPU
	EndGlobalSection
	GlobalSection(ProjectConfigurationPlatforms) = postSolution
		{2FF4D7E5-52C4-4FAD-8FDB-0B14A673F251}.Debug|Any CPU.ActiveCfg = Debug|Any CPU
		{2FF4D7E5-52C4-4FAD-8FDB-0B14A673F251}.Debug|Any CPU.Build.0 = Debug|Any CPU
		{2FF4D7E5-52C4-4FAD-8FDB-0B14A673F251}.Release|Any CPU.ActiveCfg = Release|Any CPU
		{2FF4D7E5-52C4-4FAD-8FDB-0B14A673F251}.Release|Any CPU.Build.0 = Release|Any CPU
		{03DA5E5D-C80F-4E1B-B0AC-AB5F1E1A704F}.Debug|Any CPU.ActiveCfg = Debug|Any CPU
		{03DA5E5D-C80F-4E1B-B0AC-AB5F1E1A704F}.Debug|Any CPU.Build.0 = Debug|Any CPU
		{03DA5E5D-C80F-4E1B-B0AC-AB5F1E1A704F}.Release|Any CPU.ActiveCfg = Release|Any CPU
		{03DA5E5D-C80F-4E1B-B0AC-AB5F1E1A704F}.Release|Any CPU.Build.0 = Release|Any CPU
		{B4585F17-6471-4AFB-A572-D29306CD246F}.Debug|Any CPU.ActiveCfg = Debug|Any CPU
		{B4585F17-6471-4AFB-A572-D29306CD246F}.Debug|Any CPU.Build.0 = Debug|Any CPU
		{B4585F17-6471-4AFB-A572-D29306CD246F}.Release|Any CPU.ActiveCfg = Release|Any CPU
		{B4585F17-6471-4AFB-A572-D29306CD246F}.Release|Any CPU.Build.0 = Release|Any CPU
		{4247E611-DD4A-499B-89BC-F3988B60C61F}.Debug|Any CPU.ActiveCfg = Debug|Any CPU
		{4247E611-DD4A-499B-89BC-F3988B60C61F}.Debug|Any CPU.Build.0 = Debug|Any CPU
		{4247E611-DD4A-499B-89BC-F3988B60C61F}.Release|Any CPU.ActiveCfg = Release|Any CPU
		{4247E611-DD4A-499B-89BC-F3988B60C61F}.Release|Any CPU.Build.0 = Release|Any CPU
		{F4DA7EB0-5F42-4B2C-A51C-B4DDB2E66F30}.Debug|Any CPU.ActiveCfg = Debug|Any CPU
		{F4DA7EB0-5F42-4B2C-A51C-B4DDB2E66F30}.Debug|Any CPU.Build.0 = Debug|Any CPU
		{F4DA7EB0-5F42-4B2C-A51C-B4DDB2E66F30}.Release|Any CPU.ActiveCfg = Release|Any CPU
		{F4DA7EB0-5F42-4B2C-A51C-B4DDB2E66F30}.Release|Any CPU.Build.0 = Release|Any CPU
		{A87FEF93-8ABF-4AA6-9232-38FCF2F3FF19}.Debug|Any CPU.ActiveCfg = Debug|Any CPU
		{A87FEF93-8ABF-4AA6-9232-38FCF2F3FF19}.Debug|Any CPU.Build.0 = Debug|Any CPU
		{A87FEF93-8ABF-4AA6-9232-38FCF2F3FF19}.Release|Any CPU.ActiveCfg = Release|Any CPU
		{A87FEF93-8ABF-4AA6-9232-38FCF2F3FF19}.Release|Any CPU.Build.0 = Release|Any CPU
		{E30033D0-3529-43D1-8B37-BE2139540576}.Debug|Any CPU.ActiveCfg = Debug|Any CPU
		{E30033D0-3529-43D1-8B37-BE2139540576}.Debug|Any CPU.Build.0 = Debug|Any CPU
		{E30033D0-3529-43D1-8B37-BE2139540576}.Release|Any CPU.ActiveCfg = Release|Any CPU
		{E30033D0-3529-43D1-8B37-BE2139540576}.Release|Any CPU.Build.0 = Release|Any CPU
	EndGlobalSection
	GlobalSection(SolutionProperties) = preSolution
		HideSolutionNode = FALSE
	EndGlobalSection
	GlobalSection(NestedProjects) = preSolution
		{4247E611-DD4A-499B-89BC-F3988B60C61F} = {C994631A-AE73-4B47-BD59-1F0609DC173E}
		{F4DA7EB0-5F42-4B2C-A51C-B4DDB2E66F30} = {C994631A-AE73-4B47-BD59-1F0609DC173E}
		{A87FEF93-8ABF-4AA6-9232-38FCF2F3FF19} = {C994631A-AE73-4B47-BD59-1F0609DC173E}
		{D6355511-0B7C-4E7E-95B5-D597182986E8} = {C994631A-AE73-4B47-BD59-1F0609DC173E}
		{E30033D0-3529-43D1-8B37-BE2139540576} = {D6355511-0B7C-4E7E-95B5-D597182986E8}
	EndGlobalSection
EndGlobal
